{
  "requires": true,
  "lockfileVersion": 1,
  "dependencies": {
    "uimini": {
      "version": "1.1.3",
      "resolved": "https://registry.npmjs.org/uimini/-/uimini-1.1.3.tgz",
      "integrity": "sha512-Wm95aSU80ESKK9aJ7WThpKUu9Hug3Tqf10hcp0kZCIJOyxagWQMgDzkQ6D5L/9jdqmfUWPBqSILyLgpazOFAlA=="
    }
  }
}
